
Microsoft Visual Studio Solution File, Format Version 12.00
# Visual Studio Version 16
VisualStudioVersion = 16.0.30114.105
MinimumVisualStudioVersion = 10.0.40219.1
Project("{FAE04EC0-301F-11D3-BF4B-00C04F79EFBC}") = "Assignment4", "Assignment4\Assignment4.csproj", "{7BC404B2-911A-497E-AE27-92903D0A0AAA}"
EndProject
Global
	GlobalSection(SolutionConfigurationPlatforms) = preSolution
		Debug|Any CPU = Debug|Any CPU
		Release|Any CPU = Release|Any CPU
	EndGlobalSection
	GlobalSection(ProjectConfigurationPlatforms) = postSolution
		{7BC404B2-911A-497E-AE27-92903D0A0AAA}.Debug|Any CPU.ActiveCfg = Debug|Any CPU
		{7BC404B2-911A-497E-AE27-92903D0A0AAA}.Debug|Any CPU.Build.0 = Debug|Any CPU
		{7BC404B2-911A-497E-AE27-92903D0A0AAA}.Release|Any CPU.ActiveCfg = Release|Any CPU
		{7BC404B2-911A-497E-AE27-92903D0A0AAA}.Release|Any CPU.Build.0 = Release|Any CPU
	EndGlobalSection
	GlobalSection(SolutionProperties) = preSolution
		HideSolutionNode = FALSE
	EndGlobalSection
	GlobalSection(ExtensibilityGlobals) = postSolution
		SolutionGuid = {297CC1EE-0C6F-4B1E-84F4-E434CD2E4938}
	EndGlobalSection
EndGlobal
